{
    "name": "custom-connector-modules",
    "lockfileVersion": 3,
    "requires": true,
    "packages": {
        "": {
            "devDependencies": {
                "@js-soft/ts-utils": "^2.3.3",
                "@nmshd/connector-types": "^6.16.3",
                "@types/express": "^5.0.0",
                "@types/luxon": "^3.4.2"
            }
        },
        "node_modules/@js-soft/docdb-access-abstractions": {
            "version": "1.2.1",
            "resolved": "https://registry.npmjs.org/@js-soft/docdb-access-abstractions/-/docdb-access-abstractions-1.2.1.tgz",
            "integrity": "sha512-WoyHIVZDbB69X0a5GzL3QDfxaWRvW6lsy+LiUHDFkUjc9G+lFlp9CF2Yu5IP7+rWfay9bz/PzT68uOSpOq/OeA==",
            "dev": true,
            "license": "MIT",
            "peer": true
        },
        "node_modules/@js-soft/docdb-querytranslator": {
            "version": "1.1.7",
            "resolved": "https://registry.npmjs.org/@js-soft/docdb-querytranslator/-/docdb-querytranslator-1.1.7.tgz",
            "integrity": "sha512-tZltCelBIBjBg05x42IOd2Fcje2extEI8hFndvTuhJiMFBI580ymD0qzvkffQRNRiqZ0b03I7t/qtZ7xMlSD0Q==",
            "dev": true,
            "license": "MIT",
            "peer": true
        },
        "node_modules/@js-soft/logging-abstractions": {
            "version": "1.2.4",
            "resolved": "https://registry.npmjs.org/@js-soft/logging-abstractions/-/logging-abstractions-1.2.4.tgz",
            "integrity": "sha512-f94svGdY7cPu2M3LoJcFAbMJ/gFIQyQckNvfIllnh50rEPexY76yFr0LUf9/tHht/VABqRxS5P2Zoq/2cJ+LYg==",
            "dev": true,
            "license": "MIT",
            "peer": true
        },
        "node_modules/@js-soft/simple-logger": {
            "version": "1.0.6",
            "resolved": "https://registry.npmjs.org/@js-soft/simple-logger/-/simple-logger-1.0.6.tgz",
            "integrity": "sha512-Y69X7pknH/vEnwUJbtzli8EUsOxgmdXNoxI0miFVYS/SvfqAtFkqzOfb7m5A+Me88/kQyu0nORZw560n0RsbWg==",
            "dev": true,
            "license": "MIT",
            "peer": true,
            "dependencies": {
                "@js-soft/logging-abstractions": "1.0.2",
                "json-stringify-safe": "^5.0.1",
                "typescript-logging": "^2.2.0",
                "typescript-logging-log4ts-style": "^2.2.0"
            }
        },
        "node_modules/@js-soft/simple-logger/node_modules/@js-soft/logging-abstractions": {
            "version": "1.0.2",
            "resolved": "https://registry.npmjs.org/@js-soft/logging-abstractions/-/logging-abstractions-1.0.2.tgz",
            "integrity": "sha512-6pVLEW4biiPBUtGGfEo07kqUFWd6OllN542nspTBDrP4m5jkHhtXEswc2xqFtaYk01ZoO8olvPaf+OFt8kmeAw==",
            "dev": true,
            "license": "MIT",
            "peer": true
        },
        "node_modules/@js-soft/ts-serval": {
            "version": "2.0.14",
            "resolved": "https://registry.npmjs.org/@js-soft/ts-serval/-/ts-serval-2.0.14.tgz",
            "integrity": "sha512-+5/fXxYQpFT/YY74N7WPLw1CFl/d2htzmxebxMMej7GAmo4p8W9AAhp2zDNprf+NwyK4VXYKxH7EAPaqnq7olw==",
            "dev": true,
            "license": "MIT",
            "peer": true,
            "dependencies": {
                "lodash": "^4.17.21",
                "reflect-metadata": "^0.2.2"
            }
        },
        "node_modules/@js-soft/ts-utils": {
            "version": "2.3.6",
            "resolved": "https://registry.npmjs.org/@js-soft/ts-utils/-/ts-utils-2.3.6.tgz",
            "integrity": "sha512-pIvky00wZfEfsyeMV4ZGXXMebMCjC88J0GQ/u7S5zVnvvFhLYxmztGkW6WujRVLsw61HK0EVcoShWuyoBwiENg==",
            "dev": true,
            "license": "MIT",
            "dependencies": {
                "eventemitter2": "^6.4.9",
                "json-stringify-safe": "^5.0.1",
                "reflect-metadata": "^0.2.2"
            }
        },
        "node_modules/@nmshd/connector-types": {
            "version": "6.16.3",
            "resolved": "https://registry.npmjs.org/@nmshd/connector-types/-/connector-types-6.16.3.tgz",
            "integrity": "sha512-acQLwatLQ4DbpBAx0lYB1WsB6/4ypyYdXemSDkEXiFptJRjmVzmdgqSwwdam0/SPSPr6eBma2p+t/JxAsXo7kg==",
            "dev": true,
            "license": "MIT",
            "peerDependencies": {
                "@nmshd/runtime": "^6.30.0"
            }
        },
        "node_modules/@nmshd/consumption": {
            "version": "6.63.7",
            "resolved": "https://registry.npmjs.org/@nmshd/consumption/-/consumption-6.63.7.tgz",
            "integrity": "sha512-Q+7/k1nu+6CkE7BeswGtxs69Tsz4Qhv/Q884n8xWhvapn5nvrJM+Z1+thgoDLjyjQ192bsG0Yp5z9rce+G1Xbg==",
            "dev": true,
            "license": "MIT",
            "peer": true,
            "dependencies": {
                "@js-soft/docdb-querytranslator": "^1.1.6",
                "@js-soft/ts-serval": "2.0.14",
                "@js-soft/ts-utils": "2.3.5",
                "@nmshd/content": "6.63.7",
                "@nmshd/core-types": "6.63.7",
                "@nmshd/iql": "^1.0.4",
                "@nmshd/transport": "6.63.7",
                "lodash": "^4.17.21",
                "ts-simple-nameof": "^1.3.3"
            }
        },
        "node_modules/@nmshd/consumption/node_modules/@js-soft/ts-utils": {
            "version": "2.3.5",
            "resolved": "https://registry.npmjs.org/@js-soft/ts-utils/-/ts-utils-2.3.5.tgz",
            "integrity": "sha512-dPbjrqqfoCuIppIDgbcR5gy+DyU/KIuMFpBYwAGmpS65AEZGsXvPodIdSmQzQ/jh8kphPdMPfd493cRXZt23aA==",
            "dev": true,
            "license": "MIT",
            "peer": true,
            "dependencies": {
                "eventemitter2": "^6.4.9",
                "json-stringify-safe": "^5.0.1",
                "reflect-metadata": "^0.2.2"
            }
        },
        "node_modules/@nmshd/content": {
            "version": "6.63.7",
            "resolved": "https://registry.npmjs.org/@nmshd/content/-/content-6.63.7.tgz",
            "integrity": "sha512-tG6hJ3rSV4QGY+ZY1eZuwzLFFZDEqwdolJzi7z6FJPcCGV3lxJANdfFQMmawF61ap7r25PfbRPcw8xOFgD/nGQ==",
            "dev": true,
            "license": "MIT",
            "peer": true,
            "dependencies": {
                "@js-soft/ts-serval": "2.0.14",
                "@nmshd/core-types": "6.63.7",
                "@nmshd/iql": "^1.0.4",
                "luxon": "^3.7.2",
                "ts-simple-nameof": "^1.3.3"
            }
        },
        "node_modules/@nmshd/core-types": {
            "version": "6.63.7",
            "resolved": "https://registry.npmjs.org/@nmshd/core-types/-/core-types-6.63.7.tgz",
            "integrity": "sha512-/7jJY/A33cvVATZoSOPG+zgluDyw9uVayrOTPImvYbh54V5iqiiSIAsVvMFOPWgGBFeXi9gd4ORSei6bsehSVA==",
            "dev": true,
            "license": "MIT",
            "peer": true,
            "dependencies": {
                "@js-soft/logging-abstractions": "^1.0.2",
                "@js-soft/ts-serval": "2.0.14",
                "@nmshd/crypto": "^2.1.3",
                "json-stringify-safe": "^5.0.1",
                "luxon": "^3.7.2",
                "uuid": "^11.1.0"
            }
        },
        "node_modules/@nmshd/crypto": {
            "version": "2.1.3",
            "resolved": "https://registry.npmjs.org/@nmshd/crypto/-/crypto-2.1.3.tgz",
            "integrity": "sha512-lXnZezgLGDRHNz2o8DW8lwUeajcxB6FMMbiWCCvnYp/suzMpvVdN8bpn137RO0gZCaLrGVs3+IGBunj3xJyVPg==",
            "dev": true,
            "license": "MIT",
            "peer": true,
            "dependencies": {
                "libsodium-wrappers-sumo": "0.7.15",
                "uuid": "^11.1.0"
            }
        },
        "node_modules/@nmshd/iql": {
            "version": "1.0.5",
            "resolved": "https://registry.npmjs.org/@nmshd/iql/-/iql-1.0.5.tgz",
            "integrity": "sha512-CnQjHjVuuhaFLHt8jvx3xC9iWAICAe1zsQ0Gcxe1z4z32oNmqNOO4SI1d7DCvtrfXXNDpv16voET01Od2G+umA==",
            "dev": true,
            "license": "MIT",
            "peer": true
        },
        "node_modules/@nmshd/runtime": {
            "version": "6.63.7",
            "resolved": "https://registry.npmjs.org/@nmshd/runtime/-/runtime-6.63.7.tgz",
            "integrity": "sha512-nem8bNh1WtZAdp3aa0y0MU+j6Ts+PCsrhPC6SBDBkX3tLUgr6v16niQd5nAKDS9yEF2c2VIKAa2wPYZy3WdS+g==",
            "dev": true,
            "license": "MIT",
            "peer": true,
            "dependencies": {
                "@js-soft/docdb-querytranslator": "^1.1.6",
                "@js-soft/logging-abstractions": "^1.0.2",
                "@js-soft/ts-serval": "2.0.14",
                "@js-soft/ts-utils": "^2.3.5",
                "@nmshd/consumption": "6.63.7",
                "@nmshd/content": "6.63.7",
                "@nmshd/core-types": "6.63.7",
                "@nmshd/crypto": "2.1.3",
                "@nmshd/iql": "^1.0.4",
                "@nmshd/runtime-types": "6.63.7",
                "@nmshd/transport": "6.63.7",
                "@nmshd/typescript-ioc": "3.2.5",
                "ajv": "^8.17.1",
                "ajv-errors": "^3.0.0",
                "ajv-formats": "^3.0.1",
                "json-stringify-safe": "^5.0.1",
                "lodash": "^4.17.21",
                "luxon": "^3.7.2",
                "reflect-metadata": "^0.2.2",
                "ts-simple-nameof": "^1.3.3"
            }
        },
        "node_modules/@nmshd/runtime-types": {
            "version": "6.63.7",
            "resolved": "https://registry.npmjs.org/@nmshd/runtime-types/-/runtime-types-6.63.7.tgz",
            "integrity": "sha512-TsTGHY9u7JEVmcwMQaLEltkOPZ0inFC086WJHt+rYrVyMrt5KUUGGACLI3I0TS+CPazC2zW997CSdO8tL3bAjQ==",
            "dev": true,
            "license": "MIT",
            "peer": true
        },
        "node_modules/@nmshd/transport": {
            "version": "6.63.7",
            "resolved": "https://registry.npmjs.org/@nmshd/transport/-/transport-6.63.7.tgz",
            "integrity": "sha512-N+rdzBBxxxY5Q40N5hbYmCD7ifhw1r6aRaMjq9ifNj2hBSGiH8mF/dfmC3WXM6pNyBjLQm04VcXD2IeWc7KcqQ==",
            "dev": true,
            "license": "MIT",
            "peer": true,
            "dependencies": {
                "@js-soft/docdb-access-abstractions": "1.2.1",
                "@js-soft/logging-abstractions": "^1.0.2",
                "@js-soft/simple-logger": "1.0.6",
                "@js-soft/ts-utils": "^2.3.5",
                "@nmshd/core-types": "6.63.7",
                "@nmshd/crypto": "2.1.3",
                "axios": "^1.12.2",
                "fast-json-patch": "^3.1.1",
                "form-data": "^4.0.4",
                "https-proxy-agent": "^7.0.6",
                "json-stringify-safe": "^5.0.1",
                "lodash": "^4.17.21",
                "luxon": "^3.7.2",
                "qs": "^6.14.0",
                "reflect-metadata": "^0.2.2",
                "ts-simple-nameof": "^1.3.3"
            }
        },
        "node_modules/@nmshd/typescript-ioc": {
            "version": "3.2.5",
            "resolved": "https://registry.npmjs.org/@nmshd/typescript-ioc/-/typescript-ioc-3.2.5.tgz",
            "integrity": "sha512-cFeUtUOBu2AZSIUllTRhQtm2NJ1krcL9ePaR1Z97ojxXb09LKiQAZjDdFGNVSKoEvPA7tvu1EEu7sXtDR2Ih6g==",
            "dev": true,
            "license": "MIT",
            "peer": true,
            "dependencies": {
                "lodash": "^4.17.21",
                "reflect-metadata": "^0.2.2"
            }
        },
        "node_modules/@types/body-parser": {
            "version": "1.19.5",
            "resolved": "https://registry.npmjs.org/@types/body-parser/-/body-parser-1.19.5.tgz",
            "integrity": "sha512-fB3Zu92ucau0iQ0JMCFQE7b/dv8Ot07NI3KaZIkIUNXq82k4eBAqUaneXfleGY9JWskeS9y+u0nXMyspcuQrCg==",
            "dev": true,
            "license": "MIT",
            "dependencies": {
                "@types/connect": "*",
                "@types/node": "*"
            }
        },
        "node_modules/@types/connect": {
            "version": "3.4.38",
            "resolved": "https://registry.npmjs.org/@types/connect/-/connect-3.4.38.tgz",
            "integrity": "sha512-K6uROf1LD88uDQqJCktA4yzL1YYAK6NgfsI0v/mTgyPKWsX1CnJ0XPSDhViejru1GcRkLWb8RlzFYJRqGUbaug==",
            "dev": true,
            "license": "MIT",
            "dependencies": {
                "@types/node": "*"
            }
        },
        "node_modules/@types/express": {
            "version": "5.0.0",
            "resolved": "https://registry.npmjs.org/@types/express/-/express-5.0.0.tgz",
            "integrity": "sha512-DvZriSMehGHL1ZNLzi6MidnsDhUZM/x2pRdDIKdwbUNqqwHxMlRdkxtn6/EPKyqKpHqTl/4nRZsRNLpZxZRpPQ==",
            "dev": true,
            "license": "MIT",
            "dependencies": {
                "@types/body-parser": "*",
                "@types/express-serve-static-core": "^5.0.0",
                "@types/qs": "*",
                "@types/serve-static": "*"
            }
        },
        "node_modules/@types/express-serve-static-core": {
            "version": "5.0.6",
            "resolved": "https://registry.npmjs.org/@types/express-serve-static-core/-/express-serve-static-core-5.0.6.tgz",
            "integrity": "sha512-3xhRnjJPkULekpSzgtoNYYcTWgEZkp4myc+Saevii5JPnHNvHMRlBSHDbs7Bh1iPPoVTERHEZXyhyLbMEsExsA==",
            "dev": true,
            "license": "MIT",
            "dependencies": {
                "@types/node": "*",
                "@types/qs": "*",
                "@types/range-parser": "*",
                "@types/send": "*"
            }
        },
        "node_modules/@types/http-errors": {
            "version": "2.0.4",
            "resolved": "https://registry.npmjs.org/@types/http-errors/-/http-errors-2.0.4.tgz",
            "integrity": "sha512-D0CFMMtydbJAegzOyHjtiKPLlvnm3iTZyZRSZoLq2mRhDdmLfIWOCYPfQJ4cu2erKghU++QvjcUjp/5h7hESpA==",
            "dev": true,
            "license": "MIT"
        },
        "node_modules/@types/luxon": {
            "version": "3.4.2",
            "resolved": "https://registry.npmjs.org/@types/luxon/-/luxon-3.4.2.tgz",
            "integrity": "sha512-TifLZlFudklWlMBfhubvgqTXRzLDI5pCbGa4P8a3wPyUQSW+1xQ5eDsreP9DWHX3tjq1ke96uYG/nwundroWcA==",
            "dev": true,
            "license": "MIT"
        },
        "node_modules/@types/mime": {
            "version": "1.3.5",
            "resolved": "https://registry.npmjs.org/@types/mime/-/mime-1.3.5.tgz",
            "integrity": "sha512-/pyBZWSLD2n0dcHE3hq8s8ZvcETHtEuF+3E7XVt0Ig2nvsVQXdghHVcEkIWjy9A0wKfTn97a/PSDYohKIlnP/w==",
            "dev": true,
            "license": "MIT"
        },
        "node_modules/@types/node": {
            "version": "22.13.10",
            "resolved": "https://registry.npmjs.org/@types/node/-/node-22.13.10.tgz",
            "integrity": "sha512-I6LPUvlRH+O6VRUqYOcMudhaIdUVWfsjnZavnsraHvpBwaEyMN29ry+0UVJhImYL16xsscu0aske3yA+uPOWfw==",
            "dev": true,
            "license": "MIT",
            "dependencies": {
                "undici-types": "~6.20.0"
            }
        },
        "node_modules/@types/qs": {
            "version": "6.9.18",
            "resolved": "https://registry.npmjs.org/@types/qs/-/qs-6.9.18.tgz",
            "integrity": "sha512-kK7dgTYDyGqS+e2Q4aK9X3D7q234CIZ1Bv0q/7Z5IwRDoADNU81xXJK/YVyLbLTZCoIwUoDoffFeF+p/eIklAA==",
            "dev": true,
            "license": "MIT"
        },
        "node_modules/@types/range-parser": {
            "version": "1.2.7",
            "resolved": "https://registry.npmjs.org/@types/range-parser/-/range-parser-1.2.7.tgz",
            "integrity": "sha512-hKormJbkJqzQGhziax5PItDUTMAM9uE2XXQmM37dyd4hVM+5aVl7oVxMVUiVQn2oCQFN/LKCZdvSM0pFRqbSmQ==",
            "dev": true,
            "license": "MIT"
        },
        "node_modules/@types/send": {
            "version": "0.17.4",
            "resolved": "https://registry.npmjs.org/@types/send/-/send-0.17.4.tgz",
            "integrity": "sha512-x2EM6TJOybec7c52BX0ZspPodMsQUd5L6PRwOunVyVUhXiBSKf3AezDL8Dgvgt5o0UfKNfuA0eMLr2wLT4AiBA==",
            "dev": true,
            "license": "MIT",
            "dependencies": {
                "@types/mime": "^1",
                "@types/node": "*"
            }
        },
        "node_modules/@types/serve-static": {
            "version": "1.15.7",
            "resolved": "https://registry.npmjs.org/@types/serve-static/-/serve-static-1.15.7.tgz",
            "integrity": "sha512-W8Ym+h8nhuRwaKPaDw34QUkwsGi6Rc4yYqvKFo5rm2FUEhCFbzVWrxXUxuKK8TASjWsysJY0nsmNCGhCOIsrOw==",
            "dev": true,
            "license": "MIT",
            "dependencies": {
                "@types/http-errors": "*",
                "@types/node": "*",
                "@types/send": "*"
            }
        },
        "node_modules/agent-base": {
            "version": "7.1.4",
            "resolved": "https://registry.npmjs.org/agent-base/-/agent-base-7.1.4.tgz",
            "integrity": "sha512-MnA+YT8fwfJPgBx3m60MNqakm30XOkyIoH1y6huTQvC0PwZG7ki8NacLBcrPbNoo8vEZy7Jpuk7+jMO+CUovTQ==",
            "dev": true,
            "license": "MIT",
            "peer": true,
            "engines": {
                "node": ">= 14"
            }
        },
        "node_modules/ajv": {
            "version": "8.17.1",
            "resolved": "https://registry.npmjs.org/ajv/-/ajv-8.17.1.tgz",
            "integrity": "sha512-B/gBuNg5SiMTrPkC+A2+cW0RszwxYmn6VYxB/inlBStS5nx6xHIt/ehKRhIMhqusl7a8LjQoZnjCs5vhwxOQ1g==",
            "dev": true,
            "license": "MIT",
            "peer": true,
            "dependencies": {
                "fast-deep-equal": "^3.1.3",
                "fast-uri": "^3.0.1",
                "json-schema-traverse": "^1.0.0",
                "require-from-string": "^2.0.2"
            },
            "funding": {
                "type": "github",
                "url": "https://github.com/sponsors/epoberezkin"
            }
        },
        "node_modules/ajv-errors": {
            "version": "3.0.0",
            "resolved": "https://registry.npmjs.org/ajv-errors/-/ajv-errors-3.0.0.tgz",
            "integrity": "sha512-V3wD15YHfHz6y0KdhYFjyy9vWtEVALT9UrxfN3zqlI6dMioHnJrqOYfyPKol3oqrnCM9uwkcdCwkJ0WUcbLMTQ==",
            "dev": true,
            "license": "MIT",
            "peer": true,
            "peerDependencies": {
                "ajv": "^8.0.1"
            }
        },
        "node_modules/ajv-formats": {
            "version": "3.0.1",
            "resolved": "https://registry.npmjs.org/ajv-formats/-/ajv-formats-3.0.1.tgz",
            "integrity": "sha512-8iUql50EUR+uUcdRQ3HDqa6EVyo3docL8g5WJ3FNcWmu62IbkGUue/pEyLBW8VGKKucTPgqeks4fIU1DA4yowQ==",
            "dev": true,
            "license": "MIT",
            "peer": true,
            "dependencies": {
                "ajv": "^8.0.0"
            },
            "peerDependencies": {
                "ajv": "^8.0.0"
            },
            "peerDependenciesMeta": {
                "ajv": {
                    "optional": true
                }
            }
        },
        "node_modules/asynckit": {
            "version": "0.4.0",
            "resolved": "https://registry.npmjs.org/asynckit/-/asynckit-0.4.0.tgz",
            "integrity": "sha512-Oei9OH4tRh0YqU3GxhX79dM/mwVgvbZJaSNaRk+bshkj0S5cfHcgYakreBjrHwatXKbz+IoIdYLxrKim2MjW0Q==",
            "dev": true,
            "license": "MIT",
            "peer": true
        },
        "node_modules/axios": {
            "version": "1.16.0",
            "resolved": "https://registry.npmjs.org/axios/-/axios-1.16.0.tgz",
            "integrity": "sha512-6hp5CwvTPlN2A31g5dxnwAX0orzM7pmCRDLnZSX772mv8WDqICwFjowHuPs04Mc8deIld1+ejhtaMn5vp6b+1w==",
            "dev": true,
            "license": "MIT",
            "peer": true,
            "dependencies": {
                "follow-redirects": "^1.16.0",
                "form-data": "^4.0.5",
                "proxy-from-env": "^2.1.0"
            }
        },
        "node_modules/call-bind-apply-helpers": {
            "version": "1.0.2",
            "resolved": "https://registry.npmjs.org/call-bind-apply-helpers/-/call-bind-apply-helpers-1.0.2.tgz",
            "integrity": "sha512-Sp1ablJ0ivDkSzjcaJdxEunN5/XvksFJ2sMBFfq6x0ryhQV/2b/KwFe21cMpmHtPOSij8K99/wSfoEuTObmuMQ==",
            "dev": true,
            "license": "MIT",
            "peer": true,
            "dependencies": {
                "es-errors": "^1.3.0",
                "function-bind": "^1.1.2"
            },
            "engines": {
                "node": ">= 0.4"
            }
        },
        "node_modules/call-bound": {
            "version": "1.0.4",
            "resolved": "https://registry.npmjs.org/call-bound/-/call-bound-1.0.4.tgz",
            "integrity": "sha512-+ys997U96po4Kx/ABpBCqhA9EuxJaQWDQg7295H4hBphv3IZg0boBKuwYpt4YXp6MZ5AmZQnU/tyMTlRpaSejg==",
            "dev": true,
            "license": "MIT",
            "peer": true,
            "dependencies": {
                "call-bind-apply-helpers": "^1.0.2",
                "get-intrinsic": "^1.3.0"
            },
            "engines": {
                "node": ">= 0.4"
            },
            "funding": {
                "url": "https://github.com/sponsors/ljharb"
            }
        },
        "node_modules/combined-stream": {
            "version": "1.0.8",
            "resolved": "https://registry.npmjs.org/combined-stream/-/combined-stream-1.0.8.tgz",
            "integrity": "sha512-FQN4MRfuJeHf7cBbBMJFXhKSDq+2kAArBlmRBvcvFE5BB1HZKXtSFASDhdlz9zOYwxh8lDdnvmMOe/+5cdoEdg==",
            "dev": true,
            "license": "MIT",
            "peer": true,
            "dependencies": {
                "delayed-stream": "~1.0.0"
            },
            "engines": {
                "node": ">= 0.8"
            }
        },
        "node_modules/debug": {
            "version": "4.4.3",
            "resolved": "https://registry.npmjs.org/debug/-/debug-4.4.3.tgz",
            "integrity": "sha512-RGwwWnwQvkVfavKVt22FGLw+xYSdzARwm0ru6DhTVA3umU5hZc28V3kO4stgYryrTlLpuvgI9GiijltAjNbcqA==",
            "dev": true,
            "license": "MIT",
            "peer": true,
            "dependencies": {
                "ms": "^2.1.3"
            },
            "engines": {
                "node": ">=6.0"
            },
            "peerDependenciesMeta": {
                "supports-color": {
                    "optional": true
                }
            }
        },
        "node_modules/delayed-stream": {
            "version": "1.0.0",
            "resolved": "https://registry.npmjs.org/delayed-stream/-/delayed-stream-1.0.0.tgz",
            "integrity": "sha512-ZySD7Nf91aLB0RxL4KGrKHBXl7Eds1DAmEdcoVawXnLD7SDhpNgtuII2aAkg7a7QS41jxPSZ17p4VdGnMHk3MQ==",
            "dev": true,
            "license": "MIT",
            "peer": true,
            "engines": {
                "node": ">=0.4.0"
            }
        },
        "node_modules/dunder-proto": {
            "version": "1.0.1",
            "resolved": "https://registry.npmjs.org/dunder-proto/-/dunder-proto-1.0.1.tgz",
            "integrity": "sha512-KIN/nDJBQRcXw0MLVhZE9iQHmG68qAVIBg9CqmUYjmQIhgij9U5MFvrqkUL5FbtyyzZuOeOt0zdeRe4UY7ct+A==",
            "dev": true,
            "license": "MIT",
            "peer": true,
            "dependencies": {
                "call-bind-apply-helpers": "^1.0.1",
                "es-errors": "^1.3.0",
                "gopd": "^1.2.0"
            },
            "engines": {
                "node": ">= 0.4"
            }
        },
        "node_modules/es-define-property": {
            "version": "1.0.1",
            "resolved": "https://registry.npmjs.org/es-define-property/-/es-define-property-1.0.1.tgz",
            "integrity": "sha512-e3nRfgfUZ4rNGL232gUgX06QNyyez04KdjFrF+LTRoOXmrOgFKDg4BCdsjW8EnT69eqdYGmRpJwiPVYNrCaW3g==",
            "dev": true,
            "license": "MIT",
            "peer": true,
            "engines": {
                "node": ">= 0.4"
            }
        },
        "node_modules/es-errors": {
            "version": "1.3.0",
            "resolved": "https://registry.npmjs.org/es-errors/-/es-errors-1.3.0.tgz",
            "integrity": "sha512-Zf5H2Kxt2xjTvbJvP2ZWLEICxA6j+hAmMzIlypy4xcBg1vKVnx89Wy0GbS+kf5cwCVFFzdCFh2XSCFNULS6csw==",
            "dev": true,
            "license": "MIT",
            "peer": true,
            "engines": {
                "node": ">= 0.4"
            }
        },
        "node_modules/es-object-atoms": {
            "version": "1.1.1",
            "resolved": "https://registry.npmjs.org/es-object-atoms/-/es-object-atoms-1.1.1.tgz",
            "integrity": "sha512-FGgH2h8zKNim9ljj7dankFPcICIK9Cp5bm+c2gQSYePhpaG5+esrLODihIorn+Pe6FGJzWhXQotPv73jTaldXA==",
            "dev": true,
            "license": "MIT",
            "peer": true,
            "dependencies": {
                "es-errors": "^1.3.0"
            },
            "engines": {
                "node": ">= 0.4"
            }
        },
        "node_modules/es-set-tostringtag": {
            "version": "2.1.0",
            "resolved": "https://registry.npmjs.org/es-set-tostringtag/-/es-set-tostringtag-2.1.0.tgz",
            "integrity": "sha512-j6vWzfrGVfyXxge+O0x5sh6cvxAog0a/4Rdd2K36zCMV5eJ+/+tOAngRO8cODMNWbVRdVlmGZQL2YS3yR8bIUA==",
            "dev": true,
            "license": "MIT",
            "peer": true,
            "dependencies": {
                "es-errors": "^1.3.0",
                "get-intrinsic": "^1.2.6",
                "has-tostringtag": "^1.0.2",
                "hasown": "^2.0.2"
            },
            "engines": {
                "node": ">= 0.4"
            }
        },
        "node_modules/eventemitter2": {
            "version": "6.4.9",
            "resolved": "https://registry.npmjs.org/eventemitter2/-/eventemitter2-6.4.9.tgz",
            "integrity": "sha512-JEPTiaOt9f04oa6NOkc4aH+nVp5I3wEjpHbIPqfgCdD5v5bUzy7xQqwcVO2aDQgOWhI28da57HksMrzK9HlRxg==",
            "dev": true,
            "license": "MIT"
        },
        "node_modules/fast-deep-equal": {
            "version": "3.1.3",
            "resolved": "https://registry.npmjs.org/fast-deep-equal/-/fast-deep-equal-3.1.3.tgz",
            "integrity": "sha512-f3qQ9oQy9j2AhBe/H9VC91wLmKBCCU/gDOnKNAYG5hswO7BLKj09Hc5HYNz9cGI++xlpDCIgDaitVs03ATR84Q==",
            "dev": true,
            "license": "MIT",
            "peer": true
        },
        "node_modules/fast-json-patch": {
            "version": "3.1.1",
            "resolved": "https://registry.npmjs.org/fast-json-patch/-/fast-json-patch-3.1.1.tgz",
            "integrity": "sha512-vf6IHUX2SBcA+5/+4883dsIjpBTqmfBjmYiWK1savxQmFk4JfBMLa7ynTYOs1Rolp/T1betJxHiGD3g1Mn8lUQ==",
            "dev": true,
            "license": "MIT",
            "peer": true
        },
        "node_modules/fast-uri": {
            "version": "3.0.6",
            "resolved": "https://registry.npmjs.org/fast-uri/-/fast-uri-3.0.6.tgz",
            "integrity": "sha512-Atfo14OibSv5wAp4VWNsFYE1AchQRTv9cBGWET4pZWHzYshFSS9NQI6I57rdKn9croWVMbYFbLhJ+yJvmZIIHw==",
            "dev": true,
            "funding": [
                {
                    "type": "github",
                    "url": "https://github.com/sponsors/fastify"
                },
                {
                    "type": "opencollective",
                    "url": "https://opencollective.com/fastify"
                }
            ],
            "license": "BSD-3-Clause",
            "peer": true
        },
        "node_modules/follow-redirects": {
            "version": "1.16.0",
            "resolved": "https://registry.npmjs.org/follow-redirects/-/follow-redirects-1.16.0.tgz",
            "integrity": "sha512-y5rN/uOsadFT/JfYwhxRS5R7Qce+g3zG97+JrtFZlC9klX/W5hD7iiLzScI4nZqUS7DNUdhPgw4xI8W2LuXlUw==",
            "dev": true,
            "funding": [
                {
                    "type": "individual",
                    "url": "https://github.com/sponsors/RubenVerborgh"
                }
            ],
            "license": "MIT",
            "peer": true,
            "engines": {
                "node": ">=4.0"
            },
            "peerDependenciesMeta": {
                "debug": {
                    "optional": true
                }
            }
        },
        "node_modules/form-data": {
            "version": "4.0.5",
            "resolved": "https://registry.npmjs.org/form-data/-/form-data-4.0.5.tgz",
            "integrity": "sha512-8RipRLol37bNs2bhoV67fiTEvdTrbMUYcFTiy3+wuuOnUog2QBHCZWXDRijWQfAkhBj2Uf5UnVaiWwA5vdd82w==",
            "dev": true,
            "license": "MIT",
            "peer": true,
            "dependencies": {
                "asynckit": "^0.4.0",
                "combined-stream": "^1.0.8",
                "es-set-tostringtag": "^2.1.0",
                "hasown": "^2.0.2",
                "mime-types": "^2.1.12"
            },
            "engines": {
                "node": ">= 6"
            }
        },
        "node_modules/function-bind": {
            "version": "1.1.2",
            "resolved": "https://registry.npmjs.org/function-bind/-/function-bind-1.1.2.tgz",
            "integrity": "sha512-7XHNxH7qX9xG5mIwxkhumTox/MIRNcOgDrxWsMt2pAr23WHp6MrRlN7FBSFpCpr+oVO0F744iUgR82nJMfG2SA==",
            "dev": true,
            "license": "MIT",
            "peer": true,
            "funding": {
                "url": "https://github.com/sponsors/ljharb"
            }
        },
        "node_modules/get-intrinsic": {
            "version": "1.3.0",
            "resolved": "https://registry.npmjs.org/get-intrinsic/-/get-intrinsic-1.3.0.tgz",
            "integrity": "sha512-9fSjSaos/fRIVIp+xSJlE6lfwhES7LNtKaCBIamHsjr2na1BiABJPo0mOjjz8GJDURarmCPGqaiVg5mfjb98CQ==",
            "dev": true,
            "license": "MIT",
            "peer": true,
            "dependencies": {
                "call-bind-apply-helpers": "^1.0.2",
                "es-define-property": "^1.0.1",
                "es-errors": "^1.3.0",
                "es-object-atoms": "^1.1.1",
                "function-bind": "^1.1.2",
                "get-proto": "^1.0.1",
                "gopd": "^1.2.0",
                "has-symbols": "^1.1.0",
                "hasown": "^2.0.2",
                "math-intrinsics": "^1.1.0"
            },
            "engines": {
                "node": ">= 0.4"
            },
            "funding": {
                "url": "https://github.com/sponsors/ljharb"
            }
        },
        "node_modules/get-proto": {
            "version": "1.0.1",
            "resolved": "https://registry.npmjs.org/get-proto/-/get-proto-1.0.1.tgz",
            "integrity": "sha512-sTSfBjoXBp89JvIKIefqw7U2CCebsc74kiY6awiGogKtoSGbgjYE/G/+l9sF3MWFPNc9IcoOC4ODfKHfxFmp0g==",
            "dev": true,
            "license": "MIT",
            "peer": true,
            "dependencies": {
                "dunder-proto": "^1.0.1",
                "es-object-atoms": "^1.0.0"
            },
            "engines": {
                "node": ">= 0.4"
            }
        },
        "node_modules/gopd": {
            "version": "1.2.0",
            "resolved": "https://registry.npmjs.org/gopd/-/gopd-1.2.0.tgz",
            "integrity": "sha512-ZUKRh6/kUFoAiTAtTYPZJ3hw9wNxx+BIBOijnlG9PnrJsCcSjs1wyyD6vJpaYtgnzDrKYRSqf3OO6Rfa93xsRg==",
            "dev": true,
            "license": "MIT",
            "peer": true,
            "engines": {
                "node": ">= 0.4"
            },
            "funding": {
                "url": "https://github.com/sponsors/ljharb"
            }
        },
        "node_modules/has-symbols": {
            "version": "1.1.0",
            "resolved": "https://registry.npmjs.org/has-symbols/-/has-symbols-1.1.0.tgz",
            "integrity": "sha512-1cDNdwJ2Jaohmb3sg4OmKaMBwuC48sYni5HUw2DvsC8LjGTLK9h+eb1X6RyuOHe4hT0ULCW68iomhjUoKUqlPQ==",
            "dev": true,
            "license": "MIT",
            "peer": true,
            "engines": {
                "node": ">= 0.4"
            },
            "funding": {
                "url": "https://github.com/sponsors/ljharb"
            }
        },
        "node_modules/has-tostringtag": {
            "version": "1.0.2",
            "resolved": "https://registry.npmjs.org/has-tostringtag/-/has-tostringtag-1.0.2.tgz",
            "integrity": "sha512-NqADB8VjPFLM2V0VvHUewwwsw0ZWBaIdgo+ieHtK3hasLz4qeCRjYcqfB6AQrBggRKppKF8L52/VqdVsO47Dlw==",
            "dev": true,
            "license": "MIT",
            "peer": true,
            "dependencies": {
                "has-symbols": "^1.0.3"
            },
            "engines": {
                "node": ">= 0.4"
            },
            "funding": {
                "url": "https://github.com/sponsors/ljharb"
            }
        },
        "node_modules/hasown": {
            "version": "2.0.3",
            "resolved": "https://registry.npmjs.org/hasown/-/hasown-2.0.3.tgz",
            "integrity": "sha512-ej4AhfhfL2Q2zpMmLo7U1Uv9+PyhIZpgQLGT1F9miIGmiCJIoCgSmczFdrc97mWT4kVY72KA+WnnhJ5pghSvSg==",
            "dev": true,
            "license": "MIT",
            "peer": true,
            "dependencies": {
                "function-bind": "^1.1.2"
            },
            "engines": {
                "node": ">= 0.4"
            }
        },
        "node_modules/https-proxy-agent": {
            "version": "7.0.6",
            "resolved": "https://registry.npmjs.org/https-proxy-agent/-/https-proxy-agent-7.0.6.tgz",
            "integrity": "sha512-vK9P5/iUfdl95AI+JVyUuIcVtd4ofvtrOr3HNtM2yxC9bnMbEdp3x01OhQNnjb8IJYi38VlTE3mBXwcfvywuSw==",
            "dev": true,
            "license": "MIT",
            "peer": true,
            "dependencies": {
                "agent-base": "^7.1.2",
                "debug": "4"
            },
            "engines": {
                "node": ">= 14"
            }
        },
        "node_modules/json-schema-traverse": {
            "version": "1.0.0",
            "resolved": "https://registry.npmjs.org/json-schema-traverse/-/json-schema-traverse-1.0.0.tgz",
            "integrity": "sha512-NM8/P9n3XjXhIZn1lLhkFaACTOURQXjWhV4BA/RnOv8xvgqtqpAX9IO4mRQxSx1Rlo4tqzeqb0sOlruaOy3dug==",
            "dev": true,
            "license": "MIT",
            "peer": true
        },
        "node_modules/json-stringify-safe": {
            "version": "5.0.1",
            "resolved": "https://registry.npmjs.org/json-stringify-safe/-/json-stringify-safe-5.0.1.tgz",
            "integrity": "sha512-ZClg6AaYvamvYEE82d3Iyd3vSSIjQ+odgjaTzRuO3s7toCdFKczob2i0zCh7JE8kWn17yvAWhUVxvqGwUalsRA==",
            "dev": true,
            "license": "ISC"
        },
        "node_modules/libsodium-sumo": {
            "version": "0.7.16",
            "resolved": "https://registry.npmjs.org/libsodium-sumo/-/libsodium-sumo-0.7.16.tgz",
            "integrity": "sha512-x6atrz2AdXCJg6G709x9W9TTJRI6/0NcL5dD0l5GGVqNE48UJmDsjO4RUWYTeyXXUpg+NXZ2SHECaZnFRYzwGA==",
            "dev": true,
            "license": "ISC",
            "peer": true
        },
        "node_modules/libsodium-wrappers-sumo": {
            "version": "0.7.15",
            "resolved": "https://registry.npmjs.org/libsodium-wrappers-sumo/-/libsodium-wrappers-sumo-0.7.15.tgz",
            "integrity": "sha512-aSWY8wKDZh5TC7rMvEdTHoyppVq/1dTSAeAR7H6pzd6QRT3vQWcT5pGwCotLcpPEOLXX6VvqihSPkpEhYAjANA==",
            "dev": true,
            "license": "ISC",
            "peer": true,
            "dependencies": {
                "libsodium-sumo": "^0.7.15"
            }
        },
        "node_modules/lodash": {
            "version": "4.18.1",
            "resolved": "https://registry.npmjs.org/lodash/-/lodash-4.18.1.tgz",
            "integrity": "sha512-dMInicTPVE8d1e5otfwmmjlxkZoUpiVLwyeTdUsi/Caj/gfzzblBcCE5sRHV/AsjuCmxWrte2TNGSYuCeCq+0Q==",
            "dev": true,
            "license": "MIT",
            "peer": true
        },
        "node_modules/luxon": {
            "version": "3.7.2",
            "resolved": "https://registry.npmjs.org/luxon/-/luxon-3.7.2.tgz",
            "integrity": "sha512-vtEhXh/gNjI9Yg1u4jX/0YVPMvxzHuGgCm6tC5kZyb08yjGWGnqAjGJvcXbqQR2P3MyMEFnRbpcdFS6PBcLqew==",
            "dev": true,
            "license": "MIT",
            "peer": true,
            "engines": {
                "node": ">=12"
            }
        },
        "node_modules/math-intrinsics": {
            "version": "1.1.0",
            "resolved": "https://registry.npmjs.org/math-intrinsics/-/math-intrinsics-1.1.0.tgz",
            "integrity": "sha512-/IXtbwEk5HTPyEwyKX6hGkYXxM9nbj64B+ilVJnC/R6B0pH5G4V3b0pVbL7DBj4tkhBAppbQUlf6F6Xl9LHu1g==",
            "dev": true,
            "license": "MIT",
            "peer": true,
            "engines": {
                "node": ">= 0.4"
            }
        },
        "node_modules/mime-db": {
            "version": "1.52.0",
            "resolved": "https://registry.npmjs.org/mime-db/-/mime-db-1.52.0.tgz",
            "integrity": "sha512-sPU4uV7dYlvtWJxwwxHD0PuihVNiE7TyAbQ5SWxDCB9mUYvOgroQOwYQQOKPJ8CIbE+1ETVlOoK1UC2nU3gYvg==",
            "dev": true,
            "license": "MIT",
            "peer": true,
            "engines": {
                "node": ">= 0.6"
            }
        },
        "node_modules/mime-types": {
            "version": "2.1.35",
            "resolved": "https://registry.npmjs.org/mime-types/-/mime-types-2.1.35.tgz",
            "integrity": "sha512-ZDY+bPm5zTTF+YpCrAU9nK0UgICYPT0QtT1NZWFv4s++TNkcgVaT0g6+4R2uI4MjQjzysHB1zxuWL50hzaeXiw==",
            "dev": true,
            "license": "MIT",
            "peer": true,
            "dependencies": {
                "mime-db": "1.52.0"
            },
            "engines": {
                "node": ">= 0.6"
            }
        },
        "node_modules/ms": {
            "version": "2.1.3",
            "resolved": "https://registry.npmjs.org/ms/-/ms-2.1.3.tgz",
            "integrity": "sha512-6FlzubTLZG3J2a/NVCAleEhjzq5oxgHyaCU9yYXvcLsvoVaHJq/s5xXI6/XXP6tz7R9xAOtHnSO/tXtF3WRTlA==",
            "dev": true,
            "license": "MIT",
            "peer": true
        },
        "node_modules/object-inspect": {
            "version": "1.13.4",
            "resolved": "https://registry.npmjs.org/object-inspect/-/object-inspect-1.13.4.tgz",
            "integrity": "sha512-W67iLl4J2EXEGTbfeHCffrjDfitvLANg0UlX3wFUUSTx92KXRFegMHUVgSqE+wvhAbi4WqjGg9czysTV2Epbew==",
            "dev": true,
            "license": "MIT",
            "peer": true,
            "engines": {
                "node": ">= 0.4"
            },
            "funding": {
                "url": "https://github.com/sponsors/ljharb"
            }
        },
        "node_modules/proxy-from-env": {
            "version": "2.1.0",
            "resolved": "https://registry.npmjs.org/proxy-from-env/-/proxy-from-env-2.1.0.tgz",
            "integrity": "sha512-cJ+oHTW1VAEa8cJslgmUZrc+sjRKgAKl3Zyse6+PV38hZe/V6Z14TbCuXcan9F9ghlz4QrFr2c92TNF82UkYHA==",
            "dev": true,
            "license": "MIT",
            "peer": true,
            "engines": {
                "node": ">=10"
            }
        },
        "node_modules/qs": {
            "version": "6.15.1",
            "resolved": "https://registry.npmjs.org/qs/-/qs-6.15.1.tgz",
            "integrity": "sha512-6YHEFRL9mfgcAvql/XhwTvf5jKcOiiupt2FiJxHkiX1z4j7WL8J/jRHYLluORvc1XxB5rV20KoeK00gVJamspg==",
            "dev": true,
            "license": "BSD-3-Clause",
            "peer": true,
            "dependencies": {
                "side-channel": "^1.1.0"
            },
            "engines": {
                "node": ">=0.6"
            },
            "funding": {
                "url": "https://github.com/sponsors/ljharb"
            }
        },
        "node_modules/reflect-metadata": {
            "version": "0.2.2",
            "resolved": "https://registry.npmjs.org/reflect-metadata/-/reflect-metadata-0.2.2.tgz",
            "integrity": "sha512-urBwgfrvVP/eAyXx4hluJivBKzuEbSQs9rKWCrCkbSxNv8mxPcUZKeuoF3Uy4mJl3Lwprp6yy5/39VWigZ4K6Q==",
            "dev": true,
            "license": "Apache-2.0"
        },
        "node_modules/require-from-string": {
            "version": "2.0.2",
            "resolved": "https://registry.npmjs.org/require-from-string/-/require-from-string-2.0.2.tgz",
            "integrity": "sha512-Xf0nWe6RseziFMu+Ap9biiUbmplq6S9/p+7w7YXP/JBHhrUDDUhwa+vANyubuqfZWTveU//DYVGsDG7RKL/vEw==",
            "dev": true,
            "license": "MIT",
            "peer": true,
            "engines": {
                "node": ">=0.10.0"
            }
        },
        "node_modules/side-channel": {
            "version": "1.1.0",
            "resolved": "https://registry.npmjs.org/side-channel/-/side-channel-1.1.0.tgz",
            "integrity": "sha512-ZX99e6tRweoUXqR+VBrslhda51Nh5MTQwou5tnUDgbtyM0dBgmhEDtWGP/xbKn6hqfPRHujUNwz5fy/wbbhnpw==",
            "dev": true,
            "license": "MIT",
            "peer": true,
            "dependencies": {
                "es-errors": "^1.3.0",
                "object-inspect": "^1.13.3",
                "side-channel-list": "^1.0.0",
                "side-channel-map": "^1.0.1",
                "side-channel-weakmap": "^1.0.2"
            },
            "engines": {
                "node": ">= 0.4"
            },
            "funding": {
                "url": "https://github.com/sponsors/ljharb"
            }
        },
        "node_modules/side-channel-list": {
            "version": "1.0.1",
            "resolved": "https://registry.npmjs.org/side-channel-list/-/side-channel-list-1.0.1.tgz",
            "integrity": "sha512-mjn/0bi/oUURjc5Xl7IaWi/OJJJumuoJFQJfDDyO46+hBWsfaVM65TBHq2eoZBhzl9EchxOijpkbRC8SVBQU0w==",
            "dev": true,
            "license": "MIT",
            "peer": true,
            "dependencies": {
                "es-errors": "^1.3.0",
                "object-inspect": "^1.13.4"
            },
            "engines": {
                "node": ">= 0.4"
            },
            "funding": {
                "url": "https://github.com/sponsors/ljharb"
            }
        },
        "node_modules/side-channel-map": {
            "version": "1.0.1",
            "resolved": "https://registry.npmjs.org/side-channel-map/-/side-channel-map-1.0.1.tgz",
            "integrity": "sha512-VCjCNfgMsby3tTdo02nbjtM/ewra6jPHmpThenkTYh8pG9ucZ/1P8So4u4FGBek/BjpOVsDCMoLA/iuBKIFXRA==",
            "dev": true,
            "license": "MIT",
            "peer": true,
            "dependencies": {
                "call-bound": "^1.0.2",
                "es-errors": "^1.3.0",
                "get-intrinsic": "^1.2.5",
                "object-inspect": "^1.13.3"
            },
            "engines": {
                "node": ">= 0.4"
            },
            "funding": {
                "url": "https://github.com/sponsors/ljharb"
            }
        },
        "node_modules/side-channel-weakmap": {
            "version": "1.0.2",
            "resolved": "https://registry.npmjs.org/side-channel-weakmap/-/side-channel-weakmap-1.0.2.tgz",
            "integrity": "sha512-WPS/HvHQTYnHisLo9McqBHOJk2FkHO/tlpvldyrnem4aeQp4hai3gythswg6p01oSoTl58rcpiFAjF2br2Ak2A==",
            "dev": true,
            "license": "MIT",
            "peer": true,
            "dependencies": {
                "call-bound": "^1.0.2",
                "es-errors": "^1.3.0",
                "get-intrinsic": "^1.2.5",
                "object-inspect": "^1.13.3",
                "side-channel-map": "^1.0.1"
            },
            "engines": {
                "node": ">= 0.4"
            },
            "funding": {
                "url": "https://github.com/sponsors/ljharb"
            }
        },
        "node_modules/ts-simple-nameof": {
            "version": "1.3.3",
            "resolved": "https://registry.npmjs.org/ts-simple-nameof/-/ts-simple-nameof-1.3.3.tgz",
            "integrity": "sha512-nQUaiSnaJUx18YpX9dbZ63jgLnb0CgRTFvQPtIg6sSPZ0mUqH3tYjbmG6XYmwbyuokTEGy4eU0c5zAzNfvLgjg==",
            "dev": true,
            "license": "MIT",
            "peer": true
        },
        "node_modules/typescript-logging": {
            "version": "2.2.0",
            "resolved": "https://registry.npmjs.org/typescript-logging/-/typescript-logging-2.2.0.tgz",
            "integrity": "sha512-mPKFGAgGJmeCqrzA6B64Lqoz6vLPtxa8yCd7sWAnfrz9opuNlxqW57VxjtEOL0OOoQeTdc/kBjGUh8sieBXa8A==",
            "dev": true,
            "license": "Apache-2.0",
            "peer": true
        },
        "node_modules/typescript-logging-log4ts-style": {
            "version": "2.2.0",
            "resolved": "https://registry.npmjs.org/typescript-logging-log4ts-style/-/typescript-logging-log4ts-style-2.2.0.tgz",
            "integrity": "sha512-NP8uoFVoNJkhH6iOM1Y8+/RVFoSPCxLe/kgdxQ0uJNhUJh4CLp7CuMIh/njC9mzK0wdq2DgSJcmlzkqnRXx1Eg==",
            "dev": true,
            "license": "Apache-2.0",
            "peer": true,
            "peerDependencies": {
                "typescript-logging": "~2.2.0"
            }
        },
        "node_modules/undici-types": {
            "version": "6.20.0",
            "resolved": "https://registry.npmjs.org/undici-types/-/undici-types-6.20.0.tgz",
            "integrity": "sha512-Ny6QZ2Nju20vw1SRHe3d9jVu6gJ+4e3+MMpqu7pqE5HT6WsTSlce++GQmK5UXS8mzV8DSYHrQH+Xrf2jVcuKNg==",
            "dev": true,
            "license": "MIT"
        },
        "node_modules/uuid": {
            "version": "11.1.1",
            "resolved": "https://registry.npmjs.org/uuid/-/uuid-11.1.1.tgz",
            "integrity": "sha512-vIYxrBCC/N/K+Js3qSN88go7kIfNPssr/hHCesKCQNAjmgvYS2oqr69kIufEG+O4+PfezOH4EbIeHCfFov8ZgQ==",
            "dev": true,
            "funding": [
                "https://github.com/sponsors/broofa",
                "https://github.com/sponsors/ctavan"
            ],
            "license": "MIT",
            "peer": true,
            "bin": {
                "uuid": "dist/esm/bin/uuid"
            }
        }
    }
}
