{
    "name": "custom-module",
    "lockfileVersion": 3,
    "requires": true,
    "packages": {
        "": {
            "name": "custom-module",
            "dependencies": {
                "dog-names": "^3.0.0"
            }
        },
        "node_modules/dog-names": {
            "version": "3.0.0",
            "resolved": "https://registry.npmjs.org/dog-names/-/dog-names-3.0.0.tgz",
            "integrity": "sha512-TCV0nOb+zSbNbjnwWDFIcAnmh+80deyqGC8QTboBIpax6/pHIPTCwa/EfxiGyjwuFGNZ2I2QxRvKM/F67enj8Q==",
            "license": "MIT",
            "dependencies": {
                "flat-zip": "^1.0.1",
                "meow": "^13.2.0",
                "unique-random-array": "^3.0.0"
            },
            "bin": {
                "dog-names": "cli.js"
            },
            "engines": {
                "node": ">=18.20"
            },
            "funding": {
                "url": "https://github.com/sponsors/sindresorhus"
            }
        },
        "node_modules/flat-zip": {
            "version": "1.0.1",
            "resolved": "https://registry.npmjs.org/flat-zip/-/flat-zip-1.0.1.tgz",
            "integrity": "sha512-s/8bbMuRP3YOBYlpcUzmOiJelXpzSGogbZrXtdHUtoO6O0gEcfOCDDkivJ+9zOwNgzgPQOpJX1v6YwBfPQiYqQ==",
            "license": "MIT"
        },
        "node_modules/meow": {
            "version": "13.2.0",
            "resolved": "https://registry.npmjs.org/meow/-/meow-13.2.0.tgz",
            "integrity": "sha512-pxQJQzB6djGPXh08dacEloMFopsOqGVRKFPYvPOt9XDZ1HasbgDZA74CJGreSU4G3Ak7EFJGoiH2auq+yXISgA==",
            "license": "MIT",
            "engines": {
                "node": ">=18"
            },
            "funding": {
                "url": "https://github.com/sponsors/sindresorhus"
            }
        },
        "node_modules/unique-random": {
            "version": "3.0.0",
            "resolved": "https://registry.npmjs.org/unique-random/-/unique-random-3.0.0.tgz",
            "integrity": "sha512-4vjtE3pH6xO5OmsSmjc6KPgHy2rbCw66BbMRLIyXkuq+WzOKA1oNkqQ+Y7Lh+sE0DrOrWMSpFkivhhzCF7J6HA==",
            "license": "MIT",
            "engines": {
                "node": ">=12"
            },
            "funding": {
                "url": "https://github.com/sponsors/sindresorhus"
            }
        },
        "node_modules/unique-random-array": {
            "version": "3.0.0",
            "resolved": "https://registry.npmjs.org/unique-random-array/-/unique-random-array-3.0.0.tgz",
            "integrity": "sha512-AETNmMf8dV7VfCu4pM5SO1nKkZZp3lZsbHk9VxkvR2ZjMYy4mzWwzez0g+ZtYIr+RaVH+UN8A003E7woM/ud7Q==",
            "license": "MIT",
            "dependencies": {
                "unique-random": "^3.0.0"
            },
            "engines": {
                "node": ">=12"
            },
            "funding": {
                "url": "https://github.com/sponsors/sindresorhus"
            }
        }
    }
}
